// !$*UTF8*$!
{
	archiveVersion = 1;
	classes = {
	};
	objectVersion = 55;
	objects = {

/* Begin PBXBuildFile section */
		EC105447282F310600014308 /* ContentView.swift in Sources */ = {isa = PBXBuildFile; fileRef = EC105446282F310600014308 /* ContentView.swift */; };
		EC105449282F310800014308 /* Assets.xcassets in Resources */ = {isa = PBXBuildFile; fileRef = EC105448282F310800014308 /* Assets.xcassets */; };
		EC10544C282F310800014308 /* Preview Assets.xcassets in Resources */ = {isa = PBXBuildFile; fileRef = EC10544B282F310800014308 /* Preview Assets.xcassets */; };
		EC10546F282F33A000014308 /* ChatController.swift in Sources */ = {isa = PBXBuildFile; fileRef = EC10546E282F33A000014308 /* ChatController.swift */; };
		EC105471282F34E600014308 /* SceneDelegate.swift in Sources */ = {isa = PBXBuildFile; fileRef = EC105470282F34E600014308 /* SceneDelegate.swift */; };
		EC105473282F353100014308 /* AppDelegate.swift in Sources */ = {isa = PBXBuildFile; fileRef = EC105472282F353100014308 /* AppDelegate.swift */; };
		EC877008282F429F007C4630 /* LaunchScreen.storyboard in Resources */ = {isa = PBXBuildFile; fileRef = EC877006282F429F007C4630 /* LaunchScreen.storyboard */; };
/* End PBXBuildFile section */

/* Begin PBXContainerItemProxy section */
		EC105452282F310900014308 /* PBXContainerItemProxy */ = {
			isa = PBXContainerItemProxy;
			containerPortal = EC105439282F310600014308 /* Project object */;
			proxyType = 1;
			remoteGlobalIDString = EC105440282F310600014308;
			remoteInfo = ChatMessageSampleApp;
		};
		EC10545C282F310900014308 /* PBXContainerItemProxy */ = {
			isa = PBXContainerItemProxy;
			containerPortal = EC105439282F310600014308 /* Project object */;
			proxyType = 1;
			remoteGlobalIDString = EC105440282F310600014308;
			remoteInfo = ChatMessageSampleApp;
		};
/* End PBXContainerItemProxy section */

/* Begin PBXFileReference section */
		EC105441282F310600014308 /* ChatMessageSampleApp.app */ = {isa = PBXFileReference; explicitFileType = wrapper.application; includeInIndex = 0; path = ChatMessageSampleApp.app; sourceTree = BUILT_PRODUCTS_DIR; };
		EC105446282F310600014308 /* ContentView.swift */ = {isa = PBXFileReference; lastKnownFileType = sourcecode.swift; path = ContentView.swift; sourceTree = "<group>"; };
		EC105448282F310800014308 /* Assets.xcassets */ = {isa = PBXFileReference; lastKnownFileType = folder.assetcatalog; path = Assets.xcassets; sourceTree = "<group>"; };
		EC10544B282F310800014308 /* Preview Assets.xcassets */ = {isa = PBXFileReference; lastKnownFileType = folder.assetcatalog; path = "Preview Assets.xcassets"; sourceTree = "<group>"; };
		EC105451282F310900014308 /* ChatMessageSampleAppTests.xctest */ = {isa = PBXFileReference; explicitFileType = wrapper.cfbundle; includeInIndex = 0; path = ChatMessageSampleAppTests.xctest; sourceTree = BUILT_PRODUCTS_DIR; };
		EC10545B282F310900014308 /* ChatMessageSampleAppUITests.xctest */ = {isa = PBXFileReference; explicitFileType = wrapper.cfbundle; includeInIndex = 0; path = ChatMessageSampleAppUITests.xctest; sourceTree = BUILT_PRODUCTS_DIR; };
		EC10546E282F33A000014308 /* ChatController.swift */ = {isa = PBXFileReference; lastKnownFileType = sourcecode.swift; path = ChatController.swift; sourceTree = "<group>"; };
		EC105470282F34E600014308 /* SceneDelegate.swift */ = {isa = PBXFileReference; lastKnownFileType = sourcecode.swift; path = SceneDelegate.swift; sourceTree = "<group>"; };
		EC105472282F353100014308 /* AppDelegate.swift */ = {isa = PBXFileReference; lastKnownFileType = sourcecode.swift; path = AppDelegate.swift; sourceTree = "<group>"; };
		EC877007282F429F007C4630 /* Base */ = {isa = PBXFileReference; lastKnownFileType = file.storyboard; name = Base; path = Base.lproj/LaunchScreen.storyboard; sourceTree = "<group>"; };
/* End PBXFileReference section */

/* Begin PBXFrameworksBuildPhase section */
		EC10543E282F310600014308 /* Frameworks */ = {
			isa = PBXFrameworksBuildPhase;
			buildActionMask = 2147483647;
			files = (
			);
			runOnlyForDeploymentPostprocessing = 0;
		};
		EC10544E282F310900014308 /* Frameworks */ = {
			isa = PBXFrameworksBuildPhase;
			buildActionMask = 2147483647;
			files = (
			);
			runOnlyForDeploymentPostprocessing = 0;
		};
		EC105458282F310900014308 /* Frameworks */ = {
			isa = PBXFrameworksBuildPhase;
			buildActionMask = 2147483647;
			files = (
			);
			runOnlyForDeploymentPostprocessing = 0;
		};
/* End PBXFrameworksBuildPhase section */

/* Begin PBXGroup section */
		EC105438282F310600014308 = {
			isa = PBXGroup;
			children = (
				EC105443282F310600014308 /* ChatMessageSampleApp */,
				EC105442282F310600014308 /* Products */,
			);
			sourceTree = "<group>";
		};
		EC105442282F310600014308 /* Products */ = {
			isa = PBXGroup;
			children = (
				EC105441282F310600014308 /* ChatMessageSampleApp.app */,
				EC105451282F310900014308 /* ChatMessageSampleAppTests.xctest */,
				EC10545B282F310900014308 /* ChatMessageSampleAppUITests.xctest */,
			);
			name = Products;
			sourceTree = "<group>";
		};
		EC105443282F310600014308 /* ChatMessageSampleApp */ = {
			isa = PBXGroup;
			children = (
				EC877006282F429F007C4630 /* LaunchScreen.storyboard */,
				EC105446282F310600014308 /* ContentView.swift */,
				EC105448282F310800014308 /* Assets.xcassets */,
				EC10544A282F310800014308 /* Preview Content */,
				EC10546E282F33A000014308 /* ChatController.swift */,
				EC105470282F34E600014308 /* SceneDelegate.swift */,
				EC105472282F353100014308 /* AppDelegate.swift */,
			);
			path = ChatMessageSampleApp;
			sourceTree = "<group>";
		};
		EC10544A282F310800014308 /* Preview Content */ = {
			isa = PBXGroup;
			children = (
				EC10544B282F310800014308 /* Preview Assets.xcassets */,
			);
			path = "Preview Content";
			sourceTree = "<group>";
		};
/* End PBXGroup section */

/* Begin PBXNativeTarget section */
		EC105440282F310600014308 /* ChatMessageSampleApp */ = {
			isa = PBXNativeTarget;
			buildConfigurationList = EC105465282F310900014308 /* Build configuration list for PBXNativeTarget "ChatMessageSampleApp" */;
			buildPhases = (
				EC10543D282F310600014308 /* Sources */,
				EC10543E282F310600014308 /* Frameworks */,
				EC10543F282F310600014308 /* Resources */,
			);
			buildRules = (
			);
			dependencies = (
			);
			name = ChatMessageSampleApp;
			productName = ChatMessageSampleApp;
			productReference = EC105441282F310600014308 /* ChatMessageSampleApp.app */;
			productType = "com.apple.product-type.application";
		};
		EC105450282F310900014308 /* ChatMessageSampleAppTests */ = {
			isa = PBXNativeTarget;
			buildConfigurationList = EC105468282F310900014308 /* Build configuration list for PBXNativeTarget "ChatMessageSampleAppTests" */;
			buildPhases = (
				EC10544D282F310900014308 /* Sources */,
				EC10544E282F310900014308 /* Frameworks */,
				EC10544F282F310900014308 /* Resources */,
			);
			buildRules = (
			);
			dependencies = (
				EC105453282F310900014308 /* PBXTargetDependency */,
			);
			name = ChatMessageSampleAppTests;
			productName = ChatMessageSampleAppTests;
			productReference = EC105451282F310900014308 /* ChatMessageSampleAppTests.xctest */;
			productType = "com.apple.product-type.bundle.unit-test";
		};
		EC10545A282F310900014308 /* ChatMessageSampleAppUITests */ = {
			isa = PBXNativeTarget;
			buildConfigurationList = EC10546B282F310900014308 /* Build configuration list for PBXNativeTarget "ChatMessageSampleAppUITests" */;
			buildPhases = (
				EC105457282F310900014308 /* Sources */,
				EC105458282F310900014308 /* Frameworks */,
				EC105459282F310900014308 /* Resources */,
			);
			buildRules = (
			);
			dependencies = (
				EC10545D282F310900014308 /* PBXTargetDependency */,
			);
			name = ChatMessageSampleAppUITests;
			productName = ChatMessageSampleAppUITests;
			productReference = EC10545B282F310900014308 /* ChatMessageSampleAppUITests.xctest */;
			productType = "com.apple.product-type.bundle.ui-testing";
		};
/* End PBXNativeTarget section */

/* Begin PBXProject section */
		EC105439282F310600014308 /* Project object */ = {
			isa = PBXProject;
			attributes = {
				BuildIndependentTargetsInParallel = 1;
				LastSwiftUpdateCheck = 1330;
				LastUpgradeCheck = 1330;
				TargetAttributes = {
					EC105440282F310600014308 = {
						CreatedOnToolsVersion = 13.3.1;
					};
					EC105450282F310900014308 = {
						CreatedOnToolsVersion = 13.3.1;
						TestTargetID = EC105440282F310600014308;
					};
					EC10545A282F310900014308 = {
						CreatedOnToolsVersion = 13.3.1;
						TestTargetID = EC105440282F310600014308;
					};
				};
			};
			buildConfigurationList = EC10543C282F310600014308 /* Build configuration list for PBXProject "ChatMessageSampleApp" */;
			compatibilityVersion = "Xcode 13.0";
			developmentRegion = en;
			hasScannedForEncodings = 0;
			knownRegions = (
				en,
				Base,
			);
			mainGroup = EC105438282F310600014308;
			productRefGroup = EC105442282F310600014308 /* Products */;
			projectDirPath = "";
			projectRoot = "";
			targets = (
				EC105440282F310600014308 /* ChatMessageSampleApp */,
				EC105450282F310900014308 /* ChatMessageSampleAppTests */,
				EC10545A282F310900014308 /* ChatMessageSampleAppUITests */,
			);
		};
/* End PBXProject section */

/* Begin PBXResourcesBuildPhase section */
		EC10543F282F310600014308 /* Resources */ = {
			isa = PBXResourcesBuildPhase;
			buildActionMask = 2147483647;
			files = (
				EC877008282F429F007C4630 /* LaunchScreen.storyboard in Resources */,
				EC10544C282F310800014308 /* Preview Assets.xcassets in Resources */,
				EC105449282F310800014308 /* Assets.xcassets in Resources */,
			);
			runOnlyForDeploymentPostprocessing = 0;
		};
		EC10544F282F310900014308 /* Resources */ = {
			isa = PBXResourcesBuildPhase;
			buildActionMask = 2147483647;
			files = (
			);
			runOnlyForDeploymentPostprocessing = 0;
		};
		EC105459282F310900014308 /* Resources */ = {
			isa = PBXResourcesBuildPhase;
			buildActionMask = 2147483647;
			files = (
			);
			runOnlyForDeploymentPostprocessing = 0;
		};
/* End PBXResourcesBuildPhase section */

/* Begin PBXSourcesBuildPhase section */
		EC10543D282F310600014308 /* Sources */ = {
			isa = PBXSourcesBuildPhase;
			buildActionMask = 2147483647;
			files = (
				EC105447282F310600014308 /* ContentView.swift in Sources */,
				EC10546F282F33A000014308 /* ChatController.swift in Sources */,
				EC105473282F353100014308 /* AppDelegate.swift in Sources */,
				EC105471282F34E600014308 /* SceneDelegate.swift in Sources */,
			);
			runOnlyForDeploymentPostprocessing = 0;
		};
		EC10544D282F310900014308 /* Sources */ = {
			isa = PBXSourcesBuildPhase;
			buildActionMask = 2147483647;
			files = (
			);
			runOnlyForDeploymentPostprocessing = 0;
		};
		EC105457282F310900014308 /* Sources */ = {
			isa = PBXSourcesBuildPhase;
			buildActionMask = 2147483647;
			files = (
			);
			runOnlyForDeploymentPostprocessing = 0;
		};
/* End PBXSourcesBuildPhase section */

/* Begin PBXTargetDependency section */
		EC105453282F310900014308 /* PBXTargetDependency */ = {
			isa = PBXTargetDependency;
			target = EC105440282F310600014308 /* ChatMessageSampleApp */;
			targetProxy = EC105452282F310900014308 /* PBXContainerItemProxy */;
		};
		EC10545D282F310900014308 /* PBXTargetDependency */ = {
			isa = PBXTargetDependency;
			target = EC105440282F310600014308 /* ChatMessageSampleApp */;
			targetProxy = EC10545C282F310900014308 /* PBXContainerItemProxy */;
		};
/* End PBXTargetDependency section */

/* Begin PBXVariantGroup section */
		EC877006282F429F007C4630 /* LaunchScreen.storyboard */ = {
			isa = PBXVariantGroup;
			children = (
				EC877007282F429F007C4630 /* Base */,
			);
			name = LaunchScreen.storyboard;
			sourceTree = "<group>";
		};
/* End PBXVariantGroup section */

/* Begin XCBuildConfiguration section */
		EC105463282F310900014308 /* Debug */ = {
			isa = XCBuildConfiguration;
			buildSettings = {
				ALWAYS_SEARCH_USER_PATHS = NO;
				CLANG_ANALYZER_NONNULL = YES;
				CLANG_ANALYZER_NUMBER_OBJECT_CONVERSION = YES_AGGRESSIVE;
				CLANG_CXX_LANGUAGE_STANDARD = "gnu++17";
				CLANG_ENABLE_MODULES = YES;
				CLANG_ENABLE_OBJC_ARC = YES;
				CLANG_ENABLE_OBJC_WEAK = YES;
				CLANG_WARN_BLOCK_CAPTURE_AUTORELEASING = YES;
				CLANG_WARN_BOOL_CONVERSION = YES;
				CLANG_WARN_COMMA = YES;
				CLANG_WARN_CONSTANT_CONVERSION = YES;
				CLANG_WARN_DEPRECATED_OBJC_IMPLEMENTATIONS = YES;
				CLANG_WARN_DIRECT_OBJC_ISA_USAGE = YES_ERROR;
				CLANG_WARN_DOCUMENTATION_COMMENTS = YES;
				CLANG_WARN_EMPTY_BODY = YES;
				CLANG_WARN_ENUM_CONVERSION = YES;
				CLANG_WARN_INFINITE_RECURSION = YES;
				CLANG_WARN_INT_CONVERSION = YES;
				CLANG_WARN_NON_LITERAL_NULL_CONVERSION = YES;
				CLANG_WARN_OBJC_IMPLICIT_RETAIN_SELF = YES;
				CLANG_WARN_OBJC_LITERAL_CONVERSION = YES;
				CLANG_WARN_OBJC_ROOT_CLASS = YES_ERROR;
				CLANG_WARN_QUOTED_INCLUDE_IN_FRAMEWORK_HEADER = YES;
				CLANG_WARN_RANGE_LOOP_ANALYSIS = YES;
				CLANG_WARN_STRICT_PROTOTYPES = YES;
				CLANG_WARN_SUSPICIOUS_MOVE = YES;
				CLANG_WARN_UNGUARDED_AVAILABILITY = YES_AGGRESSIVE;
				CLANG_WARN_UNREACHABLE_CODE = YES;
				CLANG_WARN__DUPLICATE_METHOD_MATCH = YES;
				COPY_PHASE_STRIP = NO;
				DEBUG_INFORMATION_FORMAT = dwarf;
				ENABLE_STRICT_OBJC_MSGSEND = YES;
				ENABLE_TESTABILITY = YES;
				GCC_C_LANGUAGE_STANDARD = gnu11;
				GCC_DYNAMIC_NO_PIC = NO;
				GCC_NO_COMMON_BLOCKS = YES;
				GCC_OPTIMIZATION_LEVEL = 0;
				GCC_PREPROCESSOR_DEFINITIONS = (
					"DEBUG=1",
					"$(inherited)",
				);
				GCC_WARN_64_TO_32_BIT_CONVERSION = YES;
				GCC_WARN_ABOUT_RETURN_TYPE = YES_ERROR;
				GCC_WARN_UNDECLARED_SELECTOR = YES;
				GCC_WARN_UNINITIALIZED_AUTOS = YES_AGGRESSIVE;
				GCC_WARN_UNUSED_FUNCTION = YES;
				GCC_WARN_UNUSED_VARIABLE = YES;
				IPHONEOS_DEPLOYMENT_TARGET = 13.0;
				MTL_ENABLE_DEBUG_INFO = INCLUDE_SOURCE;
				MTL_FAST_MATH = YES;
				ONLY_ACTIVE_ARCH = YES;
				SDKROOT = iphoneos;
				SWIFT_ACTIVE_COMPILATION_CONDITIONS = DEBUG;
				SWIFT_OPTIMIZATION_LEVEL = "-Onone";
			};
			name = Debug;
		};
		EC105464282F310900014308 /* Release */ = {
			isa = XCBuildConfiguration;
			buildSettings = {
				ALWAYS_SEARCH_USER_PATHS = NO;
				CLANG_ANALYZER_NONNULL = YES;
				CLANG_ANALYZER_NUMBER_OBJECT_CONVERSION = YES_AGGRESSIVE;
				CLANG_CXX_LANGUAGE_STANDARD = "gnu++17";
				CLANG_ENABLE_MODULES = YES;
				CLANG_ENABLE_OBJC_ARC = YES;
				CLANG_ENABLE_OBJC_WEAK = YES;
				CLANG_WARN_BLOCK_CAPTURE_AUTORELEASING = YES;
				CLANG_WARN_BOOL_CONVERSION = YES;
				CLANG_WARN_COMMA = YES;
				CLANG_WARN_CONSTANT_CONVERSION = YES;
				CLANG_WARN_DEPRECATED_OBJC_IMPLEMENTATIONS = YES;
				CLANG_WARN_DIRECT_OBJC_ISA_USAGE = YES_ERROR;
				CLANG_WARN_DOCUMENTATION_COMMENTS = YES;
				CLANG_WARN_EMPTY_BODY = YES;
				CLANG_WARN_ENUM_CONVERSION = YES;
				CLANG_WARN_INFINITE_RECURSION = YES;
				CLANG_WARN_INT_CONVERSION = YES;
				CLANG_WARN_NON_LITERAL_NULL_CONVERSION = YES;
				CLANG_WARN_OBJC_IMPLICIT_RETAIN_SELF = YES;
				CLANG_WARN_OBJC_LITERAL_CONVERSION = YES;
				CLANG_WARN_OBJC_ROOT_CLASS = YES_ERROR;
				CLANG_WARN_QUOTED_INCLUDE_IN_FRAMEWORK_HEADER = YES;
				CLANG_WARN_RANGE_LOOP_ANALYSIS = YES;
				CLANG_WARN_STRICT_PROTOTYPES = YES;
				CLANG_WARN_SUSPICIOUS_MOVE = YES;
				CLANG_WARN_UNGUARDED_AVAILABILITY = YES_AGGRESSIVE;
				CLANG_WARN_UNREACHABLE_CODE = YES;
				CLANG_WARN__DUPLICATE_METHOD_MATCH = YES;
				COPY_PHASE_STRIP = NO;
				DEBUG_INFORMATION_FORMAT = "dwarf-with-dsym";
				ENABLE_NS_ASSERTIONS = NO;
				ENABLE_STRICT_OBJC_MSGSEND = YES;
				GCC_C_LANGUAGE_STANDARD = gnu11;
				GCC_NO_COMMON_BLOCKS = YES;
				GCC_WARN_64_TO_32_BIT_CONVERSION = YES;
				GCC_WARN_ABOUT_RETURN_TYPE = YES_ERROR;
				GCC_WARN_UNDECLARED_SELECTOR = YES;
				GCC_WARN_UNINITIALIZED_AUTOS = YES_AGGRESSIVE;
				GCC_WARN_UNUSED_FUNCTION = YES;
				GCC_WARN_UNUSED_VARIABLE = YES;
				IPHONEOS_DEPLOYMENT_TARGET = 13.0;
				MTL_ENABLE_DEBUG_INFO = NO;
				MTL_FAST_MATH = YES;
				SDKROOT = iphoneos;
				SWIFT_COMPILATION_MODE = wholemodule;
				SWIFT_OPTIMIZATION_LEVEL = "-O";
				VALIDATE_PRODUCT = YES;
			};
			name = Release;
		};
		EC105466282F310900014308 /* Debug */ = {
			isa = XCBuildConfiguration;
			buildSettings = {
				ASSETCATALOG_COMPILER_APPICON_NAME = AppIcon;
				ASSETCATALOG_COMPILER_GLOBAL_ACCENT_COLOR_NAME = AccentColor;
				CODE_SIGN_STYLE = Automatic;
				CURRENT_PROJECT_VERSION = 1;
				DEVELOPMENT_ASSET_PATHS = "\"ChatMessageSampleApp/Preview Content\"";
				DEVELOPMENT_TEAM = 93C92NUB2S;
				ENABLE_PREVIEWS = YES;
				GENERATE_INFOPLIST_FILE = YES;
				INFOPLIST_FILE = "";
				INFOPLIST_KEY_UIApplicationSceneManifest_Generation = NO;
				INFOPLIST_KEY_UIApplicationSupportsIndirectInputEvents = YES;
				INFOPLIST_KEY_UILaunchScreen_Generation = YES;
				INFOPLIST_KEY_UILaunchStoryboardName = LaunchScreen;
				INFOPLIST_KEY_UIMainStoryboardFile = "";
				INFOPLIST_KEY_UISupportedInterfaceOrientations = "UIInterfaceOrientationPortrait UIInterfaceOrientationLandscapeLeft UIInterfaceOrientationLandscapeRight";
				INFOPLIST_KEY_UISupportedInterfaceOrientations_iPad = "UIInterfaceOrientationPortrait UIInterfaceOrientationPortraitUpsideDown UIInterfaceOrientationLandscapeLeft UIInterfaceOrientationLandscapeRight";
				INFOPLIST_KEY_UISupportedInterfaceOrientations_iPhone = "UIInterfaceOrientationPortrait UIInterfaceOrientationLandscapeLeft UIInterfaceOrientationLandscapeRight";
				LD_RUNPATH_SEARCH_PATHS = (
					"$(inherited)",
					"@executable_path/Frameworks",
				);
				MARKETING_VERSION = 1.0;
				PRODUCT_BUNDLE_IDENTIFIER = com.98point6.ChatMessageSampleApp;
				PRODUCT_NAME = "$(TARGET_NAME)";
				SWIFT_EMIT_LOC_STRINGS = YES;
				SWIFT_VERSION = 5.0;
				TARGETED_DEVICE_FAMILY = 1;
			};
			name = Debug;
		};
		EC105467282F310900014308 /* Release */ = {
			isa = XCBuildConfiguration;
			buildSettings = {
				ASSETCATALOG_COMPILER_APPICON_NAME = AppIcon;
				ASSETCATALOG_COMPILER_GLOBAL_ACCENT_COLOR_NAME = AccentColor;
				CODE_SIGN_STYLE = Automatic;
				CURRENT_PROJECT_VERSION = 1;
				DEVELOPMENT_ASSET_PATHS = "\"ChatMessageSampleApp/Preview Content\"";
				DEVELOPMENT_TEAM = 93C92NUB2S;
				ENABLE_PREVIEWS = YES;
				GENERATE_INFOPLIST_FILE = YES;
				INFOPLIST_FILE = "";
				INFOPLIST_KEY_UIApplicationSceneManifest_Generation = NO;
				INFOPLIST_KEY_UIApplicationSupportsIndirectInputEvents = YES;
				INFOPLIST_KEY_UILaunchScreen_Generation = YES;
				INFOPLIST_KEY_UILaunchStoryboardName = LaunchScreen;
				INFOPLIST_KEY_UIMainStoryboardFile = "";
				INFOPLIST_KEY_UISupportedInterfaceOrientations = "UIInterfaceOrientationPortrait UIInterfaceOrientationLandscapeLeft UIInterfaceOrientationLandscapeRight";
				INFOPLIST_KEY_UISupportedInterfaceOrientations_iPad = "UIInterfaceOrientationPortrait UIInterfaceOrientationPortraitUpsideDown UIInterfaceOrientationLandscapeLeft UIInterfaceOrientationLandscapeRight";
				INFOPLIST_KEY_UISupportedInterfaceOrientations_iPhone = "UIInterfaceOrientationPortrait UIInterfaceOrientationLandscapeLeft UIInterfaceOrientationLandscapeRight";
				LD_RUNPATH_SEARCH_PATHS = (
					"$(inherited)",
					"@executable_path/Frameworks",
				);
				MARKETING_VERSION = 1.0;
				PRODUCT_BUNDLE_IDENTIFIER = com.98point6.ChatMessageSampleApp;
				PRODUCT_NAME = "$(TARGET_NAME)";
				SWIFT_EMIT_LOC_STRINGS = YES;
				SWIFT_VERSION = 5.0;
				TARGETED_DEVICE_FAMILY = 1;
			};
			name = Release;
		};
		EC105469282F310900014308 /* Debug */ = {
			isa = XCBuildConfiguration;
			buildSettings = {
				ALWAYS_EMBED_SWIFT_STANDARD_LIBRARIES = YES;
				BUNDLE_LOADER = "$(TEST_HOST)";
				CODE_SIGN_STYLE = Automatic;
				CURRENT_PROJECT_VERSION = 1;
				DEVELOPMENT_TEAM = 93C92NUB2S;
				GENERATE_INFOPLIST_FILE = YES;
				IPHONEOS_DEPLOYMENT_TARGET = 15.4;
				MARKETING_VERSION = 1.0;
				PRODUCT_BUNDLE_IDENTIFIER = com.98point6.ChatMessageSampleAppTests;
				PRODUCT_NAME = "$(TARGET_NAME)";
				SWIFT_EMIT_LOC_STRINGS = NO;
				SWIFT_VERSION = 5.0;
				TARGETED_DEVICE_FAMILY = "1,2";
				TEST_HOST = "$(BUILT_PRODUCTS_DIR)/ChatMessageSampleApp.app/ChatMessageSampleApp";
			};
			name = Debug;
		};
		EC10546A282F310900014308 /* Release */ = {
			isa = XCBuildConfiguration;
			buildSettings = {
				ALWAYS_EMBED_SWIFT_STANDARD_LIBRARIES = YES;
				BUNDLE_LOADER = "$(TEST_HOST)";
				CODE_SIGN_STYLE = Automatic;
				CURRENT_PROJECT_VERSION = 1;
				DEVELOPMENT_TEAM = 93C92NUB2S;
				GENERATE_INFOPLIST_FILE = YES;
				IPHONEOS_DEPLOYMENT_TARGET = 15.4;
				MARKETING_VERSION = 1.0;
				PRODUCT_BUNDLE_IDENTIFIER = com.98point6.ChatMessageSampleAppTests;
				PRODUCT_NAME = "$(TARGET_NAME)";
				SWIFT_EMIT_LOC_STRINGS = NO;
				SWIFT_VERSION = 5.0;
				TARGETED_DEVICE_FAMILY = "1,2";
				TEST_HOST = "$(BUILT_PRODUCTS_DIR)/ChatMessageSampleApp.app/ChatMessageSampleApp";
			};
			name = Release;
		};
		EC10546C282F310900014308 /* Debug */ = {
			isa = XCBuildConfiguration;
			buildSettings = {
				ALWAYS_EMBED_SWIFT_STANDARD_LIBRARIES = YES;
				CODE_SIGN_STYLE = Automatic;
				CURRENT_PROJECT_VERSION = 1;
				DEVELOPMENT_TEAM = 93C92NUB2S;
				GENERATE_INFOPLIST_FILE = YES;
				MARKETING_VERSION = 1.0;
				PRODUCT_BUNDLE_IDENTIFIER = com.98point6.ChatMessageSampleAppUITests;
				PRODUCT_NAME = "$(TARGET_NAME)";
				SWIFT_EMIT_LOC_STRINGS = NO;
				SWIFT_VERSION = 5.0;
				TARGETED_DEVICE_FAMILY = "1,2";
				TEST_TARGET_NAME = ChatMessageSampleApp;
			};
			name = Debug;
		};
		EC10546D282F310900014308 /* Release */ = {
			isa = XCBuildConfiguration;
			buildSettings = {
				ALWAYS_EMBED_SWIFT_STANDARD_LIBRARIES = YES;
				CODE_SIGN_STYLE = Automatic;
				CURRENT_PROJECT_VERSION = 1;
				DEVELOPMENT_TEAM = 93C92NUB2S;
				GENERATE_INFOPLIST_FILE = YES;
				MARKETING_VERSION = 1.0;
				PRODUCT_BUNDLE_IDENTIFIER = com.98point6.ChatMessageSampleAppUITests;
				PRODUCT_NAME = "$(TARGET_NAME)";
				SWIFT_EMIT_LOC_STRINGS = NO;
				SWIFT_VERSION = 5.0;
				TARGETED_DEVICE_FAMILY = "1,2";
				TEST_TARGET_NAME = ChatMessageSampleApp;
			};
			name = Release;
		};
/* End XCBuildConfiguration section */

/* Begin XCConfigurationList section */
		EC10543C282F310600014308 /* Build configuration list for PBXProject "ChatMessageSampleApp" */ = {
			isa = XCConfigurationList;
			buildConfigurations = (
				EC105463282F310900014308 /* Debug */,
				EC105464282F310900014308 /* Release */,
			);
			defaultConfigurationIsVisible = 0;
			defaultConfigurationName = Release;
		};
		EC105465282F310900014308 /* Build configuration list for PBXNativeTarget "ChatMessageSampleApp" */ = {
			isa = XCConfigurationList;
			buildConfigurations = (
				EC105466282F310900014308 /* Debug */,
				EC105467282F310900014308 /* Release */,
			);
			defaultConfigurationIsVisible = 0;
			defaultConfigurationName = Release;
		};
		EC105468282F310900014308 /* Build configuration list for PBXNativeTarget "ChatMessageSampleAppTests" */ = {
			isa = XCConfigurationList;
			buildConfigurations = (
				EC105469282F310900014308 /* Debug */,
				EC10546A282F310900014308 /* Release */,
			);
			defaultConfigurationIsVisible = 0;
			defaultConfigurationName = Release;
		};
		EC10546B282F310900014308 /* Build configuration list for PBXNativeTarget "ChatMessageSampleAppUITests" */ = {
			isa = XCConfigurationList;
			buildConfigurations = (
				EC10546C282F310900014308 /* Debug */,
				EC10546D282F310900014308 /* Release */,
			);
			defaultConfigurationIsVisible = 0;
			defaultConfigurationName = Release;
		};
/* End XCConfigurationList section */
	};
	rootObject = EC105439282F310600014308 /* Project object */;
}
